# THIS IS AN AUTOGENERATED FILE. DO NOT EDIT THIS FILE DIRECTLY.
# yarn lockfile v1


eslint-config-prettier@^6.11.0:
  version "6.11.0"
  resolved "https://registry.yarnpkg.com/eslint-config-prettier/-/eslint-config-prettier-6.11.0.tgz#f6d2238c1290d01c859a8b5c1f7d352a0b0da8b1"
  integrity sha512-oB8cpLWSAjOVFEJhhyMZh6NOEOtBVziaqdDQ86+qhDHFbZXoRTM7pNSvFRfW/W/L/LrQ38C99J5CGuRBBzBsdA==
  dependencies:
    get-stdin "^6.0.0"

get-stdin@^6.0.0:
  version "6.0.0"
  resolved "https://registry.yarnpkg.com/get-stdin/-/get-stdin-6.0.0.tgz#9e09bf712b360ab9225e812048f71fde9c89657b"
  integrity sha512-jp4tHawyV7+fkkSKyvjuLZswblUtz+SQKzSWnBbii16BuZksJlU1wuBYXY75r+duh/llF1ur6oNwi+2ZzjKZ7g==
